<?xml version="1.0" encoding="utf-8"?>
<Project ToolsVersion="4.0" xmlns="http://schemas.microsoft.com/developer/msbuild/2003">
  <ItemGroup>
    <Filter Include="SDK">
      <UniqueIdentifier>{e5281bb1-e316-4946-a1c1-54df799c43da}</UniqueIdentifier>
    </Filter>
    <Filter Include="Plugin">
      <UniqueIdentifier>{f9f51206-ec41-41d6-a853-43fe09b12feb}</UniqueIdentifier>
    </Filter>
    <Filter Include="SDK\amx">
      <UniqueIdentifier>{ec3110fd-019c-42d4-9ddb-280b7fc3fba1}</UniqueIdentifier>
    </Filter>
  </ItemGroup>
  <ItemGroup>
    <ClCompile Include="SDK\amxplugin.cpp">
      <Filter>SDK</Filter>
    </ClCompile>
    <ClCompile Include="plugin.cpp">
      <Filter>Plugin</Filter>
    </ClCompile>
    <ClCompile Include="AMXUtil.cpp">
      <Filter>Plugin</Filter>
    </ClCompile>
    <ClCompile Include="Platform.cpp">
      <Filter>Plugin</Filter>
    </ClCompile>
    <ClCompile Include="Server.cpp" />
    <ClCompile Include="Util.cpp">
      <Filter>Plugin</Filter>
    </ClCompile>
    <ClCompile Include="JSONParser.cpp">
      <Filter>Plugin</Filter>
    </ClCompile>
  </ItemGroup>
  <ItemGroup>
    <None Include="plugin.def">
      <Filter>Plugin</Filter>
    </None>
  </ItemGroup>
  <ItemGroup>
    <ClInclude Include="SDK\plugincommon.h">
      <Filter>SDK</Filter>
    </ClInclude>
    <ClInclude Include="SDK\amx\amx.h">
      <Filter>SDK\amx</Filter>
    </ClInclude>
    <ClInclude Include="SDK\amx\sclinux.h">
      <Filter>SDK\amx</Filter>
    </ClInclude>
    <ClInclude Include="AMXUtil.h">
      <Filter>Plugin</Filter>
    </ClInclude>
    <ClInclude Include="Platform.h">
      <Filter>Plugin</Filter>
    </ClInclude>
    <ClInclude Include="Server.h" />
    <ClInclude Include="Util.h">
      <Filter>Plugin</Filter>
    </ClInclude>
    <ClInclude Include="JSONParser.h">
      <Filter>Plugin</Filter>
    </ClInclude>
  </ItemGroup>
</Project>